
Microsoft Visual Studio Solution File, Format Version 12.00
# Visual Studio 2013
VisualStudioVersion = 12.0.40629.0
MinimumVisualStudioVersion = 10.0.40219.1
Project("{FAE04EC0-301F-11D3-BF4B-00C04F79EFBC}") = "Memorize", "Memorize\Memorize.csproj", "{2EB26EE5-58D6-4618-80FE-C7DBCBBEAF64}"
EndProject
Project("{FAE04EC0-301F-11D3-BF4B-00C04F79EFBC}") = "TestMemorize", "TestMemorize\TestMemorize.csproj", "{717BD2D8-D2E7-435B-8C7E-4F10D612302F}"
EndProject
Global
	GlobalSection(SolutionConfigurationPlatforms) = preSolution
		Debug|Any CPU = Debug|Any CPU
		Release|Any CPU = Release|Any CPU
	EndGlobalSection
	GlobalSection(ProjectConfigurationPlatforms) = postSolution
		{2EB26EE5-58D6-4618-80FE-C7DBCBBEAF64}.Debug|Any CPU.ActiveCfg = Debug|Any CPU
		{2EB26EE5-58D6-4618-80FE-C7DBCBBEAF64}.Debug|Any CPU.Build.0 = Debug|Any CPU
		{2EB26EE5-58D6-4618-80FE-C7DBCBBEAF64}.Release|Any CPU.ActiveCfg = Release|Any CPU
		{2EB26EE5-58D6-4618-80FE-C7DBCBBEAF64}.Release|Any CPU.Build.0 = Release|Any CPU
		{717BD2D8-D2E7-435B-8C7E-4F10D612302F}.Debug|Any CPU.ActiveCfg = Debug|Any CPU
		{717BD2D8-D2E7-435B-8C7E-4F10D612302F}.Debug|Any CPU.Build.0 = Debug|Any CPU
		{717BD2D8-D2E7-435B-8C7E-4F10D612302F}.Release|Any CPU.ActiveCfg = Release|Any CPU
		{717BD2D8-D2E7-435B-8C7E-4F10D612302F}.Release|Any CPU.Build.0 = Release|Any CPU
	EndGlobalSection
	GlobalSection(SolutionProperties) = preSolution
		HideSolutionNode = FALSE
	EndGlobalSection
EndGlobal
